{
  "name": "login-system",
  "version": "1.0.0",
  "lockfileVersion": 2,
  "requires": true,
  "packages": {
    "": {
      "name": "login-system",
      "version": "1.0.0",
      "license": "ISC",
      "dependencies": {
        "bcrypt": "npm:null@*",
        "body-parser": "npm:null@*",
        "express": "npm:null@*"
      },
      "devDependencies": {}
    },
    "node_modules/bcrypt": {},
    "node_modules/body-parser": {},
    "node_modules/express": {}
  },
  "dependencies": {
    "bcrypt": {},
    "body-parser": {},
    "express": {}
  }
}
